
Microsoft Visual Studio Solution File, Format Version 12.00
# Visual Studio Version 17
VisualStudioVersion = 17.8.34330.188
MinimumVisualStudioVersion = 10.0.40219.1
Project("{FAE04EC0-301F-11D3-BF4B-00C04F79EFBC}") = "Loto_App", "Loto_App.csproj", "{14D07C88-97B0-41ED-AEDE-BCEAA7370F22}"
EndProject
Global
	GlobalSection(SolutionConfigurationPlatforms) = preSolution
		Debug|Any CPU = Debug|Any CPU
		Release|Any CPU = Release|Any CPU
	EndGlobalSection
	GlobalSection(ProjectConfigurationPlatforms) = postSolution
		{14D07C88-97B0-41ED-AEDE-BCEAA7370F22}.Debug|Any CPU.ActiveCfg = Debug|Any CPU
		{14D07C88-97B0-41ED-AEDE-BCEAA7370F22}.Debug|Any CPU.Build.0 = Debug|Any CPU
		{14D07C88-97B0-41ED-AEDE-BCEAA7370F22}.Release|Any CPU.ActiveCfg = Release|Any CPU
		{14D07C88-97B0-41ED-AEDE-BCEAA7370F22}.Release|Any CPU.Build.0 = Release|Any CPU
	EndGlobalSection
	GlobalSection(SolutionProperties) = preSolution
		HideSolutionNode = FALSE
	EndGlobalSection
	GlobalSection(ExtensibilityGlobals) = postSolution
		SolutionGuid = {785E652C-6234-4156-85F3-C099B27993B0}
	EndGlobalSection
EndGlobal
